
Microsoft Visual Studio Solution File, Format Version 12.00
# Visual Studio Version 16
VisualStudioVersion = 16.0.31025.194
MinimumVisualStudioVersion = 10.0.40219.1
Project("{9A19103F-16F7-4668-BE54-9A1E7A4F7556}") = "MetricsManager", "MetricsManager\MetricsManager.csproj", "{12CB90BC-0509-48CD-9316-ACB09C7B9229}"
EndProject
Project("{FAE04EC0-301F-11D3-BF4B-00C04F79EFBC}") = "MetricsAgent", "MetricsAgent\MetricsAgent.csproj", "{083CB975-95B3-4FF3-9649-8AC7E5C61479}"
EndProject
Global
	GlobalSection(SolutionConfigurationPlatforms) = preSolution
		Debug|Any CPU = Debug|Any CPU
		Release|Any CPU = Release|Any CPU
	EndGlobalSection
	GlobalSection(ProjectConfigurationPlatforms) = postSolution
		{12CB90BC-0509-48CD-9316-ACB09C7B9229}.Debug|Any CPU.ActiveCfg = Debug|Any CPU
		{12CB90BC-0509-48CD-9316-ACB09C7B9229}.Debug|Any CPU.Build.0 = Debug|Any CPU
		{12CB90BC-0509-48CD-9316-ACB09C7B9229}.Release|Any CPU.ActiveCfg = Release|Any CPU
		{12CB90BC-0509-48CD-9316-ACB09C7B9229}.Release|Any CPU.Build.0 = Release|Any CPU
		{083CB975-95B3-4FF3-9649-8AC7E5C61479}.Debug|Any CPU.ActiveCfg = Debug|Any CPU
		{083CB975-95B3-4FF3-9649-8AC7E5C61479}.Debug|Any CPU.Build.0 = Debug|Any CPU
		{083CB975-95B3-4FF3-9649-8AC7E5C61479}.Release|Any CPU.ActiveCfg = Release|Any CPU
		{083CB975-95B3-4FF3-9649-8AC7E5C61479}.Release|Any CPU.Build.0 = Release|Any CPU
	EndGlobalSection
	GlobalSection(SolutionProperties) = preSolution
		HideSolutionNode = FALSE
	EndGlobalSection
	GlobalSection(ExtensibilityGlobals) = postSolution
		SolutionGuid = {F2C79CED-5FCE-4001-A2CD-E568104476C4}
	EndGlobalSection
EndGlobal
