
Microsoft Visual Studio Solution File, Format Version 12.00
# Visual Studio Version 16
VisualStudioVersion = 16.0.31025.194
MinimumVisualStudioVersion = 10.0.40219.1
Project("{FAE04EC0-301F-11D3-BF4B-00C04F79EFBC}") = "Lesson1_CrudController", "Lesson1_CrudController\Lesson1_CrudController.csproj", "{89C69698-E4DD-48AB-AEE5-90D738FA3FAF}"
EndProject
Global
	GlobalSection(SolutionConfigurationPlatforms) = preSolution
		Debug|Any CPU = Debug|Any CPU
		Release|Any CPU = Release|Any CPU
	EndGlobalSection
	GlobalSection(ProjectConfigurationPlatforms) = postSolution
		{89C69698-E4DD-48AB-AEE5-90D738FA3FAF}.Debug|Any CPU.ActiveCfg = Debug|Any CPU
		{89C69698-E4DD-48AB-AEE5-90D738FA3FAF}.Debug|Any CPU.Build.0 = Debug|Any CPU
		{89C69698-E4DD-48AB-AEE5-90D738FA3FAF}.Release|Any CPU.ActiveCfg = Release|Any CPU
		{89C69698-E4DD-48AB-AEE5-90D738FA3FAF}.Release|Any CPU.Build.0 = Release|Any CPU
	EndGlobalSection
	GlobalSection(SolutionProperties) = preSolution
		HideSolutionNode = FALSE
	EndGlobalSection
	GlobalSection(ExtensibilityGlobals) = postSolution
		SolutionGuid = {F2C79CED-5FCE-4001-A2CD-E568104476C4}
	EndGlobalSection
EndGlobal
